
Microsoft Visual Studio Solution File, Format Version 12.00
# Visual Studio Version 17
VisualStudioVersion = 17.10.35013.160
MinimumVisualStudioVersion = 10.0.40219.1
Project("{9A19103F-16F7-4668-BE54-9A1E7A4F7556}") = "selaApplication", "selaApplication.csproj", "{7421DAA5-3915-4F32-BC5C-F237A50B9E67}"
EndProject
Global
	GlobalSection(SolutionConfigurationPlatforms) = preSolution
		Debug|Any CPU = Debug|Any CPU
		Release|Any CPU = Release|Any CPU
	EndGlobalSection
	GlobalSection(ProjectConfigurationPlatforms) = postSolution
		{7421DAA5-3915-4F32-BC5C-F237A50B9E67}.Debug|Any CPU.ActiveCfg = Debug|Any CPU
		{7421DAA5-3915-4F32-BC5C-F237A50B9E67}.Debug|Any CPU.Build.0 = Debug|Any CPU
		{7421DAA5-3915-4F32-BC5C-F237A50B9E67}.Release|Any CPU.ActiveCfg = Release|Any CPU
		{7421DAA5-3915-4F32-BC5C-F237A50B9E67}.Release|Any CPU.Build.0 = Release|Any CPU
	EndGlobalSection
	GlobalSection(SolutionProperties) = preSolution
		HideSolutionNode = FALSE
	EndGlobalSection
	GlobalSection(ExtensibilityGlobals) = postSolution
		SolutionGuid = {E94E1CD0-67E9-4335-B9B2-B46671698C01}
	EndGlobalSection
EndGlobal
